
Microsoft Visual Studio Solution File, Format Version 12.00
# Visual Studio 15
VisualStudioVersion = 15.0.28307.757
MinimumVisualStudioVersion = 10.0.40219.1
Project("{FAE04EC0-301F-11D3-BF4B-00C04F79EFBC}") = "DataCollection", "DataCollection\DataCollection.csproj", "{13F27F72-42E6-49EB-A388-BE58DCBA8437}"
EndProject
Global
	GlobalSection(SolutionConfigurationPlatforms) = preSolution
		Debug|Any CPU = Debug|Any CPU
		Release|Any CPU = Release|Any CPU
	EndGlobalSection
	GlobalSection(ProjectConfigurationPlatforms) = postSolution
		{13F27F72-42E6-49EB-A388-BE58DCBA8437}.Debug|Any CPU.ActiveCfg = Debug|Any CPU
		{13F27F72-42E6-49EB-A388-BE58DCBA8437}.Debug|Any CPU.Build.0 = Debug|Any CPU
		{13F27F72-42E6-49EB-A388-BE58DCBA8437}.Release|Any CPU.ActiveCfg = Release|Any CPU
		{13F27F72-42E6-49EB-A388-BE58DCBA8437}.Release|Any CPU.Build.0 = Release|Any CPU
	EndGlobalSection
	GlobalSection(SolutionProperties) = preSolution
		HideSolutionNode = FALSE
	EndGlobalSection
	GlobalSection(ExtensibilityGlobals) = postSolution
		SolutionGuid = {6AA669AF-66F9-42E7-A924-C905A1D0F0CF}
	EndGlobalSection
EndGlobal
